
Microsoft Visual Studio Solution File, Format Version 12.00
# Visual Studio Version 17
VisualStudioVersion = 17.14.37216.2 d17.14
MinimumVisualStudioVersion = 10.0.40219.1
Project("{FAE04EC0-301F-11D3-BF4B-00C04F79EFBC}") = "MyM_inStock", "MyM_inStock.csproj", "{97B352C5-0EAB-4059-A722-1FB7ADDE89D7}"
EndProject
Global
	GlobalSection(SolutionConfigurationPlatforms) = preSolution
		Debug|Any CPU = Debug|Any CPU
		Release|Any CPU = Release|Any CPU
	EndGlobalSection
	GlobalSection(ProjectConfigurationPlatforms) = postSolution
		{97B352C5-0EAB-4059-A722-1FB7ADDE89D7}.Debug|Any CPU.ActiveCfg = Debug|Any CPU
		{97B352C5-0EAB-4059-A722-1FB7ADDE89D7}.Debug|Any CPU.Build.0 = Debug|Any CPU
		{97B352C5-0EAB-4059-A722-1FB7ADDE89D7}.Release|Any CPU.ActiveCfg = Release|Any CPU
		{97B352C5-0EAB-4059-A722-1FB7ADDE89D7}.Release|Any CPU.Build.0 = Release|Any CPU
	EndGlobalSection
	GlobalSection(SolutionProperties) = preSolution
		HideSolutionNode = FALSE
	EndGlobalSection
	GlobalSection(ExtensibilityGlobals) = postSolution
		SolutionGuid = {76DDF8C1-7487-423D-B684-4A97FCBB2354}
	EndGlobalSection
EndGlobal
